
Microsoft Visual Studio Solution File, Format Version 12.00
# Visual Studio Version 17
VisualStudioVersion = 17.8.34316.72
MinimumVisualStudioVersion = 10.0.40219.1
Project("{FAE04EC0-301F-11D3-BF4B-00C04F79EFBC}") = "Lab7Security", "Lab7Security\Lab7Security.csproj", "{DEBB8A90-FAC4-4F80-A240-06B4D1ADC86A}"
EndProject
Global
	GlobalSection(SolutionConfigurationPlatforms) = preSolution
		Debug|Any CPU = Debug|Any CPU
		Release|Any CPU = Release|Any CPU
	EndGlobalSection
	GlobalSection(ProjectConfigurationPlatforms) = postSolution
		{DEBB8A90-FAC4-4F80-A240-06B4D1ADC86A}.Debug|Any CPU.ActiveCfg = Debug|Any CPU
		{DEBB8A90-FAC4-4F80-A240-06B4D1ADC86A}.Debug|Any CPU.Build.0 = Debug|Any CPU
		{DEBB8A90-FAC4-4F80-A240-06B4D1ADC86A}.Release|Any CPU.ActiveCfg = Release|Any CPU
		{DEBB8A90-FAC4-4F80-A240-06B4D1ADC86A}.Release|Any CPU.Build.0 = Release|Any CPU
	EndGlobalSection
	GlobalSection(SolutionProperties) = preSolution
		HideSolutionNode = FALSE
	EndGlobalSection
	GlobalSection(ExtensibilityGlobals) = postSolution
		SolutionGuid = {9D731880-0052-4B79-AB2C-625A9787424E}
	EndGlobalSection
EndGlobal
